
Microsoft Visual Studio Solution File, Format Version 12.00
# Visual Studio Version 17
VisualStudioVersion = 17.5.33424.131
MinimumVisualStudioVersion = 10.0.40219.1
Project("{FAE04EC0-301F-11D3-BF4B-00C04F79EFBC}") = "Exercise8", "Exercise8\Exercise8.csproj", "{ABADEA49-994F-4757-A41B-72A28552EAD0}"
EndProject
Global
	GlobalSection(SolutionConfigurationPlatforms) = preSolution
		Debug|Any CPU = Debug|Any CPU
		Release|Any CPU = Release|Any CPU
	EndGlobalSection
	GlobalSection(ProjectConfigurationPlatforms) = postSolution
		{ABADEA49-994F-4757-A41B-72A28552EAD0}.Debug|Any CPU.ActiveCfg = Debug|Any CPU
		{ABADEA49-994F-4757-A41B-72A28552EAD0}.Debug|Any CPU.Build.0 = Debug|Any CPU
		{ABADEA49-994F-4757-A41B-72A28552EAD0}.Release|Any CPU.ActiveCfg = Release|Any CPU
		{ABADEA49-994F-4757-A41B-72A28552EAD0}.Release|Any CPU.Build.0 = Release|Any CPU
	EndGlobalSection
	GlobalSection(SolutionProperties) = preSolution
		HideSolutionNode = FALSE
	EndGlobalSection
	GlobalSection(ExtensibilityGlobals) = postSolution
		SolutionGuid = {1F1B6886-64B0-42FE-A491-A49928A8ECDC}
	EndGlobalSection
EndGlobal
